
Microsoft Visual Studio Solution File, Format Version 12.00
# Visual Studio Version 16
VisualStudioVersion = 16.0.29519.87
MinimumVisualStudioVersion = 10.0.40219.1
Project("{FAE04EC0-301F-11D3-BF4B-00C04F79EFBC}") = "HiperAcademia", "HiperAcademia\HiperAcademia.csproj", "{782C0633-AB6A-42D5-8CC2-D029FC718F0D}"
EndProject
Global
	GlobalSection(SolutionConfigurationPlatforms) = preSolution
		Debug|Any CPU = Debug|Any CPU
		Release|Any CPU = Release|Any CPU
	EndGlobalSection
	GlobalSection(ProjectConfigurationPlatforms) = postSolution
		{782C0633-AB6A-42D5-8CC2-D029FC718F0D}.Debug|Any CPU.ActiveCfg = Debug|Any CPU
		{782C0633-AB6A-42D5-8CC2-D029FC718F0D}.Debug|Any CPU.Build.0 = Debug|Any CPU
		{782C0633-AB6A-42D5-8CC2-D029FC718F0D}.Release|Any CPU.ActiveCfg = Release|Any CPU
		{782C0633-AB6A-42D5-8CC2-D029FC718F0D}.Release|Any CPU.Build.0 = Release|Any CPU
	EndGlobalSection
	GlobalSection(SolutionProperties) = preSolution
		HideSolutionNode = FALSE
	EndGlobalSection
	GlobalSection(ExtensibilityGlobals) = postSolution
		SolutionGuid = {9F1DEB67-F6E8-41DC-A4EB-56849BB568B2}
	EndGlobalSection
EndGlobal
